
Microsoft Visual Studio Solution File, Format Version 12.00
# Visual Studio Version 17
VisualStudioVersion = 17.4.33110.190
MinimumVisualStudioVersion = 10.0.40219.1
Project("{FAE04EC0-301F-11D3-BF4B-00C04F79EFBC}") = "EX 1", "EX 1\EX 1.csproj", "{4E771B91-76C2-46C6-A28D-C16F01D09E46}"
EndProject
Global
	GlobalSection(SolutionConfigurationPlatforms) = preSolution
		Debug|Any CPU = Debug|Any CPU
		Release|Any CPU = Release|Any CPU
	EndGlobalSection
	GlobalSection(ProjectConfigurationPlatforms) = postSolution
		{4E771B91-76C2-46C6-A28D-C16F01D09E46}.Debug|Any CPU.ActiveCfg = Debug|Any CPU
		{4E771B91-76C2-46C6-A28D-C16F01D09E46}.Debug|Any CPU.Build.0 = Debug|Any CPU
		{4E771B91-76C2-46C6-A28D-C16F01D09E46}.Release|Any CPU.ActiveCfg = Release|Any CPU
		{4E771B91-76C2-46C6-A28D-C16F01D09E46}.Release|Any CPU.Build.0 = Release|Any CPU
	EndGlobalSection
	GlobalSection(SolutionProperties) = preSolution
		HideSolutionNode = FALSE
	EndGlobalSection
	GlobalSection(ExtensibilityGlobals) = postSolution
		SolutionGuid = {DDD7DE45-4702-495F-B13B-44B70DE67CB5}
	EndGlobalSection
EndGlobal
